github.com/chai2010/webp v1.4.0 h1:6DA2pkkRUPnbOHvvsmGI3He1hBKf/bkRlniAiSGuEko=
github.com/chai2010/webp v1.4.0/go.mod h1:0XVwvZWdjjdxpUEIf7b9g9VkHFnInUSYujwqTLEuldU=
github.com/linxlib/logs v0.1.5 h1:QyzE71DWiXxnlTZSrlpulv5Rm6NKNtesDJMnd8+AUCI=
github.com/linxlib/logs v0.1.5/go.mod h1:a2IkOlWtfecU5K5a+GVdED6EpRkFsbtFPYWCBtcE1Tg=
golang.org/x/image v0.30.0 h1:jD5RhkmVAnjqaCUXfbGBrn3lpxbknfN9w2UhHHU+5B4=
golang.org/x/image v0.30.0/go.mod h1:SAEUTxCCMWSrJcCy/4HwavEsfZZJlYxeHLc6tTiAe/c=
